<?xml version="1.0" encoding="utf-8"?>
<Project ToolsVersion="4.0" xmlns="http://schemas.microsoft.com/developer/msbuild/2003">
  <ItemGroup>
    <Filter Include="Source Files">
      <UniqueIdentifier>{c9283b5c-4582-4b0e-96b4-78fdea372414}</UniqueIdentifier>
    </Filter>
    <Filter Include="Generated Files">
      <UniqueIdentifier>{bf1f5bdc-a7f9-4094-b9c4-f08b421cbf8d}</UniqueIdentifier>
      <SourceControlFiles>False</SourceControlFiles>
    </Filter>
  </ItemGroup>
  <ItemGroup>
    <None Include="OleAutoTestPad2ps.def" />
  </ItemGroup>
  <ItemGroup>
    <ClCompile Include="OleAutoTestPad2_i.c">
      <Filter>Generated Files</Filter>
    </ClCompile>
    <ClCompile Include="OleAutoTestPad2_p.c">
      <Filter>Generated Files</Filter>
    </ClCompile>
    <ClCompile Include="dlldata.c">
      <Filter>Generated Files</Filter>
    </ClCompile>
  </ItemGroup>
</Project>