<?xml version="1.0" encoding="utf-8"?>
<Project ToolsVersion="4.0" xmlns="http://schemas.microsoft.com/developer/msbuild/2003">
  <ItemGroup>
    <Filter Include="Source Files">
      <UniqueIdentifier>{cda8c7a8-77a1-4217-a293-628b0c7c65e4}</UniqueIdentifier>
      <Extensions>cpp;c;cxx;def;odl;idl;hpj;bat;asm</Extensions>
    </Filter>
    <Filter Include="Header Files">
      <UniqueIdentifier>{d57b2cb2-8cff-40c8-8680-918097ad1746}</UniqueIdentifier>
      <Extensions>h;hpp;hxx;hm;inl;inc</Extensions>
    </Filter>
    <Filter Include="Generated Files">
      <UniqueIdentifier>{61f64214-011e-4e9b-bda1-d64b497dffdc}</UniqueIdentifier>
      <SourceControlFiles>False</SourceControlFiles>
    </Filter>
    <Filter Include="Resource Files">
      <UniqueIdentifier>{f18af1a7-8252-482b-8463-9af3b71c5da1}</UniqueIdentifier>
      <Extensions>rc;ico;cur;bmp;dlg;rc2;rct;bin;rgs;gif;jpg;jpeg;jpe</Extensions>
    </Filter>
  </ItemGroup>
  <ItemGroup>
    <ClCompile Include="ADCLogModule.cpp">
      <Filter>Source Files</Filter>
    </ClCompile>
    <ClCompile Include="CSession.cpp">
      <Filter>Source Files</Filter>
    </ClCompile>
    <ClCompile Include="dllmain.cpp">
      <Filter>Source Files</Filter>
    </ClCompile>
    <ClCompile Include="Session.cpp">
      <Filter>Source Files</Filter>
    </ClCompile>
    <ClCompile Include="stdafx.cpp">
      <Filter>Source Files</Filter>
    </ClCompile>
    <ClCompile Include="tools.cpp">
      <Filter>Source Files</Filter>
    </ClCompile>
    <ClCompile Include="CSession_i.c">
      <Filter>Generated Files</Filter>
    </ClCompile>
    <ClCompile Include="CStream.cpp">
      <Filter>Source Files</Filter>
    </ClCompile>
    <ClCompile Include="connection_pool.cpp">
      <Filter>Source Files</Filter>
    </ClCompile>
    <ClCompile Include="connection.cpp">
      <Filter>Source Files</Filter>
    </ClCompile>
    <ClCompile Include="cluster_pool.cpp">
      <Filter>Source Files</Filter>
    </ClCompile>
    <ClCompile Include="reply.cpp">
      <Filter>Source Files</Filter>
    </ClCompile>
    <ClCompile Include="utils\crc16.cpp">
      <Filter>Source Files</Filter>
    </ClCompile>
    <ClCompile Include="utils\datetime.cpp">
      <Filter>Source Files</Filter>
    </ClCompile>
    <ClCompile Include="utils\file.cpp">
      <Filter>Source Files</Filter>
    </ClCompile>
    <ClCompile Include="utils\logging.cpp">
      <Filter>Source Files</Filter>
    </ClCompile>
    <ClCompile Include="utils\resolv.cpp">
      <Filter>Source Files</Filter>
    </ClCompile>
    <ClCompile Include="utils\sha1.cpp">
      <Filter>Source Files</Filter>
    </ClCompile>
    <ClCompile Include="simple_pool.cpp">
      <Filter>Source Files</Filter>
    </ClCompile>
    <ClCompile Include="CVariantDictionary.cpp">
      <Filter>Source Files</Filter>
    </ClCompile>
    <ClCompile Include="Application.cpp">
      <Filter>Source Files</Filter>
    </ClCompile>
    <ClCompile Include="sds.cpp">
      <Filter>Source Files</Filter>
    </ClCompile>
    <ClCompile Include="CRedLock.cpp">
      <Filter>Source Files</Filter>
    </ClCompile>
    <ClCompile Include="ConfigurationManager.cpp">
      <Filter>Source Files</Filter>
    </ClCompile>
    <ClCompile Include="getopt.cpp">
      <Filter>Source Files</Filter>
    </ClCompile>
  </ItemGroup>
  <ItemGroup>
    <None Include="CSession.def">
      <Filter>Source Files</Filter>
    </None>
    <None Include="CSession.rgs">
      <Filter>Resource Files</Filter>
    </None>
    <None Include="Session.rgs">
      <Filter>Resource Files</Filter>
    </None>
    <None Include="CSession.config">
      <Filter>Source Files</Filter>
    </None>
    <None Include="Application.rgs">
      <Filter>Resource Files</Filter>
    </None>
  </ItemGroup>
  <ItemGroup>
    <ClInclude Include="ADCLogModule.h">
      <Filter>Header Files</Filter>
    </ClInclude>
    <ClInclude Include="CComBSTR2.h">
      <Filter>Header Files</Filter>
    </ClInclude>
    <ClInclude Include="CEnum.h">
      <Filter>Header Files</Filter>
    </ClInclude>
    <ClInclude Include="CSessionDL.h">
      <Filter>Header Files</Filter>
    </ClInclude>
    <ClInclude Include="CVariantDictionary.h">
      <Filter>Header Files</Filter>
    </ClInclude>
    <ClInclude Include="dllmain.h">
      <Filter>Header Files</Filter>
    </ClInclude>
    <ClInclude Include="message.h">
      <Filter>Header Files</Filter>
    </ClInclude>
    <ClInclude Include="Resource.h">
      <Filter>Header Files</Filter>
    </ClInclude>
    <ClInclude Include="Session.h">
      <Filter>Header Files</Filter>
    </ClInclude>
    <ClInclude Include="tools.h">
      <Filter>Header Files</Filter>
    </ClInclude>
    <ClInclude Include="CSession.h">
      <Filter>Generated Files</Filter>
    </ClInclude>
    <ClInclude Include="CStream.h">
      <Filter>Header Files</Filter>
    </ClInclude>
    <ClInclude Include="stdafx.h">
      <Filter>Header Files</Filter>
    </ClInclude>
    <ClInclude Include="include\redis3m\patterns\model.h">
      <Filter>Header Files</Filter>
    </ClInclude>
    <ClInclude Include="include\redis3m\patterns\orm.h">
      <Filter>Header Files</Filter>
    </ClInclude>
    <ClInclude Include="include\redis3m\patterns\scheduler.h">
      <Filter>Header Files</Filter>
    </ClInclude>
    <ClInclude Include="include\redis3m\patterns\script_exec.h">
      <Filter>Header Files</Filter>
    </ClInclude>
    <ClInclude Include="include\redis3m\patterns\simple_obj_store.h">
      <Filter>Header Files</Filter>
    </ClInclude>
    <ClInclude Include="include\redis3m\utils\noncopyable.h">
      <Filter>Header Files</Filter>
    </ClInclude>
    <ClInclude Include="include\redis3m\utils\pool.h">
      <Filter>Header Files</Filter>
    </ClInclude>
    <ClInclude Include="include\redis3m\utils\resolv.h">
      <Filter>Header Files</Filter>
    </ClInclude>
    <ClInclude Include="include\redis3m\utils\sha1.h">
      <Filter>Header Files</Filter>
    </ClInclude>
    <ClInclude Include="Application.h">
      <Filter>Header Files</Filter>
    </ClInclude>
    <ClInclude Include="CRedLock.h">
      <Filter>Header Files</Filter>
    </ClInclude>
    <ClInclude Include="sds.h">
      <Filter>Header Files</Filter>
    </ClInclude>
    <ClInclude Include="unistd.h">
      <Filter>Header Files</Filter>
    </ClInclude>
    <ClInclude Include="..\..\..\..\Users\gastweb\Downloads\getopt_mb_uni_vc10\getopt_mb_uni_vc10\getopt_mb_uni_vc10\getopt.h">
      <Filter>Header Files</Filter>
    </ClInclude>
    <ClInclude Include="ConfigurationManager.h">
      <Filter>Header Files</Filter>
    </ClInclude>
    <ClInclude Include="IDatabase.h">
      <Filter>Header Files</Filter>
    </ClInclude>
  </ItemGroup>
  <ItemGroup>
    <ResourceCompile Include="CSession.rc">
      <Filter>Resource Files</Filter>
    </ResourceCompile>
    <ResourceCompile Include="message.rc">
      <Filter>Resource Files</Filter>
    </ResourceCompile>
  </ItemGroup>
  <ItemGroup>
    <CustomBuild Include="message.mc">
      <Filter>Resource Files</Filter>
    </CustomBuild>
  </ItemGroup>
  <ItemGroup>
    <Midl Include="CSession.idl">
      <Filter>Source Files</Filter>
    </Midl>
  </ItemGroup>
</Project>