
Microsoft Visual Studio Solution File, Format Version 12.00
# Visual Studio 2013
VisualStudioVersion = 12.0.40629.0
MinimumVisualStudioVersion = 10.0.40219.1
Project("{FAE04EC0-301F-11D3-BF4B-00C04F79EFBC}") = "ISPSessionClassicAsp", "CSessionManaged\ISPSessionClassicAsp.csproj", "{62A4037A-4427-4594-A471-BE8B3714BB24}"
EndProject
Project("{8BB2217D-0F2D-49D1-97BC-3654ED321F3B}") = "ISPSessionAspNetCore", "ispsession.io.core\ISPSessionAspNetCore.xproj", "{6CDF6CF5-40DD-4267-BA27-33825DDF7B14}"
EndProject
Project("{2150E333-8FDC-42A3-9474-1A3956D46DE8}") = "SolutionItems", "SolutionItems", "{E689F604-F0DC-4B9A-87AD-84C34B05F421}"
	ProjectSection(SolutionItems) = preProject
		License 2016.txt = License 2016.txt
	EndProjectSection
EndProject
Project("{911E67C6-3D85-4FCE-B560-20A9C3E3FF48}") = "nuget", "nuget.exe", "{5C8A7E17-CCE6-473C-9D9E-7A93208983D9}"
	ProjectSection(DebuggerProjectSystem) = preProject
		PortSupplier = 00000000-0000-0000-0000-000000000000
		Executable = nuget.exe
		RemoteMachine = BETTELGEUSE
		StartingDirectory = .
		Environment = Default
		LaunchingEngine = 00000000-0000-0000-0000-000000000000
		UseLegacyDebugEngines = No
		LaunchSQLEngine = No
		AttachLaunchAction = No
	EndProjectSection
EndProject
Project("{8BC9CEB8-8B4A-11D0-8D11-00A0C91BC942}") = "CSession", "COM\CSession.vcxproj", "{13A83C8F-5DFB-444F-8E89-AF41261DE804}"
EndProject
Project("{2150E333-8FDC-42A3-9474-1A3956D46DE8}") = "DemoSites", "DemoSites", "{ADEB1F37-D68C-48A2-9851-81B70DC38C61}"
EndProject
Project("{8BB2217D-0F2D-49D1-97BC-3654ED321F3B}") = "CookieWebCore", "Demo\CookieWebCore\CookieWebCore.xproj", "{0FF0B2A0-E4E4-4ECC-A3F7-28026B63D069}"
EndProject
Project("{FAE04EC0-301F-11D3-BF4B-00C04F79EFBC}") = "CookieWeb", "Demo\CookieWeb\CookieWeb.csproj", "{EF69F0FC-940D-40BE-849B-DF97F50D44F8}"
EndProject
Project("{FAE04EC0-301F-11D3-BF4B-00C04F79EFBC}") = "PerfTest", "..\PerfTest\PerfTest.csproj", "{A4C37232-E9F5-4EE1-9B50-C03A49C2243B}"
EndProject
Project("{FAE04EC0-301F-11D3-BF4B-00C04F79EFBC}") = "nugetfeed", "..\nugetfeed\nugetfeed.csproj", "{47BE62D6-DA3D-4BD0-8ED0-DA0DF7925C42}"
EndProject
Global
	GlobalSection(SolutionConfigurationPlatforms) = preSolution
		Debug|Any CPU = Debug|Any CPU
		Debug|Lib = Debug|Lib
		Debug|Mixed Platforms = Debug|Mixed Platforms
		Debug|Win32 = Debug|Win32
		Debug|x64 = Debug|x64
		Debug|x86 = Debug|x86
		Release|Any CPU = Release|Any CPU
		Release|Lib = Release|Lib
		Release|Mixed Platforms = Release|Mixed Platforms
		Release|Win32 = Release|Win32
		Release|x64 = Release|x64
		Release|x86 = Release|x86
	EndGlobalSection
	GlobalSection(ProjectConfigurationPlatforms) = postSolution
		{62A4037A-4427-4594-A471-BE8B3714BB24}.Debug|Any CPU.ActiveCfg = Debug|Any CPU
		{62A4037A-4427-4594-A471-BE8B3714BB24}.Debug|Any CPU.Build.0 = Debug|Any CPU
		{62A4037A-4427-4594-A471-BE8B3714BB24}.Debug|Lib.ActiveCfg = Debug|Any CPU
		{62A4037A-4427-4594-A471-BE8B3714BB24}.Debug|Mixed Platforms.ActiveCfg = Debug|Any CPU
		{62A4037A-4427-4594-A471-BE8B3714BB24}.Debug|Mixed Platforms.Build.0 = Debug|Any CPU
		{62A4037A-4427-4594-A471-BE8B3714BB24}.Debug|Win32.ActiveCfg = Debug|Any CPU
		{62A4037A-4427-4594-A471-BE8B3714BB24}.Debug|Win32.Build.0 = Debug|Any CPU
		{62A4037A-4427-4594-A471-BE8B3714BB24}.Debug|x64.ActiveCfg = Debug|Any CPU
		{62A4037A-4427-4594-A471-BE8B3714BB24}.Debug|x86.ActiveCfg = Debug|Any CPU
		{62A4037A-4427-4594-A471-BE8B3714BB24}.Release|Any CPU.ActiveCfg = Release|Any CPU
		{62A4037A-4427-4594-A471-BE8B3714BB24}.Release|Any CPU.Build.0 = Release|Any CPU
		{62A4037A-4427-4594-A471-BE8B3714BB24}.Release|Lib.ActiveCfg = Release|Any CPU
		{62A4037A-4427-4594-A471-BE8B3714BB24}.Release|Mixed Platforms.ActiveCfg = Release|Any CPU
		{62A4037A-4427-4594-A471-BE8B3714BB24}.Release|Mixed Platforms.Build.0 = Release|Any CPU
		{62A4037A-4427-4594-A471-BE8B3714BB24}.Release|Win32.ActiveCfg = Release|Any CPU
		{62A4037A-4427-4594-A471-BE8B3714BB24}.Release|Win32.Build.0 = Release|Any CPU
		{62A4037A-4427-4594-A471-BE8B3714BB24}.Release|x64.ActiveCfg = Release|Any CPU
		{62A4037A-4427-4594-A471-BE8B3714BB24}.Release|x86.ActiveCfg = Release|Any CPU
		{6CDF6CF5-40DD-4267-BA27-33825DDF7B14}.Debug|Any CPU.ActiveCfg = Debug|Any CPU
		{6CDF6CF5-40DD-4267-BA27-33825DDF7B14}.Debug|Any CPU.Build.0 = Debug|Any CPU
		{6CDF6CF5-40DD-4267-BA27-33825DDF7B14}.Debug|Lib.ActiveCfg = Debug|Any CPU
		{6CDF6CF5-40DD-4267-BA27-33825DDF7B14}.Debug|Lib.Build.0 = Debug|Any CPU
		{6CDF6CF5-40DD-4267-BA27-33825DDF7B14}.Debug|Mixed Platforms.ActiveCfg = Debug|Any CPU
		{6CDF6CF5-40DD-4267-BA27-33825DDF7B14}.Debug|Mixed Platforms.Build.0 = Debug|Any CPU
		{6CDF6CF5-40DD-4267-BA27-33825DDF7B14}.Debug|Win32.ActiveCfg = Debug|Any CPU
		{6CDF6CF5-40DD-4267-BA27-33825DDF7B14}.Debug|Win32.Build.0 = Debug|Any CPU
		{6CDF6CF5-40DD-4267-BA27-33825DDF7B14}.Debug|x64.ActiveCfg = Debug|Any CPU
		{6CDF6CF5-40DD-4267-BA27-33825DDF7B14}.Debug|x64.Build.0 = Debug|Any CPU
		{6CDF6CF5-40DD-4267-BA27-33825DDF7B14}.Debug|x86.ActiveCfg = Debug|Any CPU
		{6CDF6CF5-40DD-4267-BA27-33825DDF7B14}.Debug|x86.Build.0 = Debug|Any CPU
		{6CDF6CF5-40DD-4267-BA27-33825DDF7B14}.Release|Any CPU.ActiveCfg = Release|Any CPU
		{6CDF6CF5-40DD-4267-BA27-33825DDF7B14}.Release|Any CPU.Build.0 = Release|Any CPU
		{6CDF6CF5-40DD-4267-BA27-33825DDF7B14}.Release|Lib.ActiveCfg = Release|Any CPU
		{6CDF6CF5-40DD-4267-BA27-33825DDF7B14}.Release|Lib.Build.0 = Release|Any CPU
		{6CDF6CF5-40DD-4267-BA27-33825DDF7B14}.Release|Mixed Platforms.ActiveCfg = Release|Any CPU
		{6CDF6CF5-40DD-4267-BA27-33825DDF7B14}.Release|Mixed Platforms.Build.0 = Release|Any CPU
		{6CDF6CF5-40DD-4267-BA27-33825DDF7B14}.Release|Win32.ActiveCfg = Release|Any CPU
		{6CDF6CF5-40DD-4267-BA27-33825DDF7B14}.Release|Win32.Build.0 = Release|Any CPU
		{6CDF6CF5-40DD-4267-BA27-33825DDF7B14}.Release|x64.ActiveCfg = Release|Any CPU
		{6CDF6CF5-40DD-4267-BA27-33825DDF7B14}.Release|x64.Build.0 = Release|Any CPU
		{6CDF6CF5-40DD-4267-BA27-33825DDF7B14}.Release|x86.ActiveCfg = Release|Any CPU
		{6CDF6CF5-40DD-4267-BA27-33825DDF7B14}.Release|x86.Build.0 = Release|Any CPU
		{5C8A7E17-CCE6-473C-9D9E-7A93208983D9}.Debug|Any CPU.ActiveCfg = Debug
		{5C8A7E17-CCE6-473C-9D9E-7A93208983D9}.Debug|Lib.ActiveCfg = Debug
		{5C8A7E17-CCE6-473C-9D9E-7A93208983D9}.Debug|Mixed Platforms.ActiveCfg = Debug
		{5C8A7E17-CCE6-473C-9D9E-7A93208983D9}.Debug|Win32.ActiveCfg = Debug
		{5C8A7E17-CCE6-473C-9D9E-7A93208983D9}.Debug|x64.ActiveCfg = Debug
		{5C8A7E17-CCE6-473C-9D9E-7A93208983D9}.Debug|x86.ActiveCfg = Debug
		{5C8A7E17-CCE6-473C-9D9E-7A93208983D9}.Release|Any CPU.ActiveCfg = Debug
		{5C8A7E17-CCE6-473C-9D9E-7A93208983D9}.Release|Lib.ActiveCfg = Debug
		{5C8A7E17-CCE6-473C-9D9E-7A93208983D9}.Release|Mixed Platforms.ActiveCfg = Debug
		{5C8A7E17-CCE6-473C-9D9E-7A93208983D9}.Release|Win32.ActiveCfg = Debug
		{5C8A7E17-CCE6-473C-9D9E-7A93208983D9}.Release|x64.ActiveCfg = Debug
		{5C8A7E17-CCE6-473C-9D9E-7A93208983D9}.Release|x86.ActiveCfg = Debug
		{13A83C8F-5DFB-444F-8E89-AF41261DE804}.Debug|Any CPU.ActiveCfg = Debug|Win32
		{13A83C8F-5DFB-444F-8E89-AF41261DE804}.Debug|Lib.ActiveCfg = Debug|Win32
		{13A83C8F-5DFB-444F-8E89-AF41261DE804}.Debug|Mixed Platforms.ActiveCfg = Debug|Win32
		{13A83C8F-5DFB-444F-8E89-AF41261DE804}.Debug|Mixed Platforms.Build.0 = Debug|Win32
		{13A83C8F-5DFB-444F-8E89-AF41261DE804}.Debug|Win32.ActiveCfg = Debug|Win32
		{13A83C8F-5DFB-444F-8E89-AF41261DE804}.Debug|Win32.Build.0 = Debug|Win32
		{13A83C8F-5DFB-444F-8E89-AF41261DE804}.Debug|x64.ActiveCfg = Debug|x64
		{13A83C8F-5DFB-444F-8E89-AF41261DE804}.Debug|x64.Build.0 = Debug|x64
		{13A83C8F-5DFB-444F-8E89-AF41261DE804}.Debug|x86.ActiveCfg = Debug|Win32
		{13A83C8F-5DFB-444F-8E89-AF41261DE804}.Debug|x86.Build.0 = Debug|Win32
		{13A83C8F-5DFB-444F-8E89-AF41261DE804}.Release|Any CPU.ActiveCfg = Release|Win32
		{13A83C8F-5DFB-444F-8E89-AF41261DE804}.Release|Lib.ActiveCfg = Release|Win32
		{13A83C8F-5DFB-444F-8E89-AF41261DE804}.Release|Mixed Platforms.ActiveCfg = Release|Win32
		{13A83C8F-5DFB-444F-8E89-AF41261DE804}.Release|Mixed Platforms.Build.0 = Release|Win32
		{13A83C8F-5DFB-444F-8E89-AF41261DE804}.Release|Win32.ActiveCfg = Release|Win32
		{13A83C8F-5DFB-444F-8E89-AF41261DE804}.Release|Win32.Build.0 = Release|Win32
		{13A83C8F-5DFB-444F-8E89-AF41261DE804}.Release|x64.ActiveCfg = Release|x64
		{13A83C8F-5DFB-444F-8E89-AF41261DE804}.Release|x64.Build.0 = Release|x64
		{13A83C8F-5DFB-444F-8E89-AF41261DE804}.Release|x86.ActiveCfg = Release|Win32
		{13A83C8F-5DFB-444F-8E89-AF41261DE804}.Release|x86.Build.0 = Release|Win32
		{0FF0B2A0-E4E4-4ECC-A3F7-28026B63D069}.Debug|Any CPU.ActiveCfg = Debug|Any CPU
		{0FF0B2A0-E4E4-4ECC-A3F7-28026B63D069}.Debug|Any CPU.Build.0 = Debug|Any CPU
		{0FF0B2A0-E4E4-4ECC-A3F7-28026B63D069}.Debug|Lib.ActiveCfg = Debug|Any CPU
		{0FF0B2A0-E4E4-4ECC-A3F7-28026B63D069}.Debug|Lib.Build.0 = Debug|Any CPU
		{0FF0B2A0-E4E4-4ECC-A3F7-28026B63D069}.Debug|Mixed Platforms.ActiveCfg = Debug|Any CPU
		{0FF0B2A0-E4E4-4ECC-A3F7-28026B63D069}.Debug|Mixed Platforms.Build.0 = Debug|Any CPU
		{0FF0B2A0-E4E4-4ECC-A3F7-28026B63D069}.Debug|Win32.ActiveCfg = Debug|Any CPU
		{0FF0B2A0-E4E4-4ECC-A3F7-28026B63D069}.Debug|Win32.Build.0 = Debug|Any CPU
		{0FF0B2A0-E4E4-4ECC-A3F7-28026B63D069}.Debug|x64.ActiveCfg = Debug|Any CPU
		{0FF0B2A0-E4E4-4ECC-A3F7-28026B63D069}.Debug|x64.Build.0 = Debug|Any CPU
		{0FF0B2A0-E4E4-4ECC-A3F7-28026B63D069}.Debug|x86.ActiveCfg = Debug|Any CPU
		{0FF0B2A0-E4E4-4ECC-A3F7-28026B63D069}.Debug|x86.Build.0 = Debug|Any CPU
		{0FF0B2A0-E4E4-4ECC-A3F7-28026B63D069}.Release|Any CPU.ActiveCfg = Release|Any CPU
		{0FF0B2A0-E4E4-4ECC-A3F7-28026B63D069}.Release|Any CPU.Build.0 = Release|Any CPU
		{0FF0B2A0-E4E4-4ECC-A3F7-28026B63D069}.Release|Lib.ActiveCfg = Release|Any CPU
		{0FF0B2A0-E4E4-4ECC-A3F7-28026B63D069}.Release|Lib.Build.0 = Release|Any CPU
		{0FF0B2A0-E4E4-4ECC-A3F7-28026B63D069}.Release|Mixed Platforms.ActiveCfg = Release|Any CPU
		{0FF0B2A0-E4E4-4ECC-A3F7-28026B63D069}.Release|Mixed Platforms.Build.0 = Release|Any CPU
		{0FF0B2A0-E4E4-4ECC-A3F7-28026B63D069}.Release|Win32.ActiveCfg = Release|Any CPU
		{0FF0B2A0-E4E4-4ECC-A3F7-28026B63D069}.Release|Win32.Build.0 = Release|Any CPU
		{0FF0B2A0-E4E4-4ECC-A3F7-28026B63D069}.Release|x64.ActiveCfg = Release|Any CPU
		{0FF0B2A0-E4E4-4ECC-A3F7-28026B63D069}.Release|x64.Build.0 = Release|Any CPU
		{0FF0B2A0-E4E4-4ECC-A3F7-28026B63D069}.Release|x86.ActiveCfg = Release|Any CPU
		{0FF0B2A0-E4E4-4ECC-A3F7-28026B63D069}.Release|x86.Build.0 = Release|Any CPU
		{EF69F0FC-940D-40BE-849B-DF97F50D44F8}.Debug|Any CPU.ActiveCfg = Debug|Any CPU
		{EF69F0FC-940D-40BE-849B-DF97F50D44F8}.Debug|Any CPU.Build.0 = Debug|Any CPU
		{EF69F0FC-940D-40BE-849B-DF97F50D44F8}.Debug|Lib.ActiveCfg = Debug|Any CPU
		{EF69F0FC-940D-40BE-849B-DF97F50D44F8}.Debug|Lib.Build.0 = Debug|Any CPU
		{EF69F0FC-940D-40BE-849B-DF97F50D44F8}.Debug|Mixed Platforms.ActiveCfg = Debug|Any CPU
		{EF69F0FC-940D-40BE-849B-DF97F50D44F8}.Debug|Mixed Platforms.Build.0 = Debug|Any CPU
		{EF69F0FC-940D-40BE-849B-DF97F50D44F8}.Debug|Win32.ActiveCfg = Debug|Any CPU
		{EF69F0FC-940D-40BE-849B-DF97F50D44F8}.Debug|Win32.Build.0 = Debug|Any CPU
		{EF69F0FC-940D-40BE-849B-DF97F50D44F8}.Debug|x64.ActiveCfg = Debug|Any CPU
		{EF69F0FC-940D-40BE-849B-DF97F50D44F8}.Debug|x64.Build.0 = Debug|Any CPU
		{EF69F0FC-940D-40BE-849B-DF97F50D44F8}.Debug|x86.ActiveCfg = Debug|Any CPU
		{EF69F0FC-940D-40BE-849B-DF97F50D44F8}.Debug|x86.Build.0 = Debug|Any CPU
		{EF69F0FC-940D-40BE-849B-DF97F50D44F8}.Release|Any CPU.ActiveCfg = Release|Any CPU
		{EF69F0FC-940D-40BE-849B-DF97F50D44F8}.Release|Any CPU.Build.0 = Release|Any CPU
		{EF69F0FC-940D-40BE-849B-DF97F50D44F8}.Release|Lib.ActiveCfg = Release|Any CPU
		{EF69F0FC-940D-40BE-849B-DF97F50D44F8}.Release|Lib.Build.0 = Release|Any CPU
		{EF69F0FC-940D-40BE-849B-DF97F50D44F8}.Release|Mixed Platforms.ActiveCfg = Release|Any CPU
		{EF69F0FC-940D-40BE-849B-DF97F50D44F8}.Release|Mixed Platforms.Build.0 = Release|Any CPU
		{EF69F0FC-940D-40BE-849B-DF97F50D44F8}.Release|Win32.ActiveCfg = Release|Any CPU
		{EF69F0FC-940D-40BE-849B-DF97F50D44F8}.Release|Win32.Build.0 = Release|Any CPU
		{EF69F0FC-940D-40BE-849B-DF97F50D44F8}.Release|x64.ActiveCfg = Release|Any CPU
		{EF69F0FC-940D-40BE-849B-DF97F50D44F8}.Release|x64.Build.0 = Release|Any CPU
		{EF69F0FC-940D-40BE-849B-DF97F50D44F8}.Release|x86.ActiveCfg = Release|Any CPU
		{EF69F0FC-940D-40BE-849B-DF97F50D44F8}.Release|x86.Build.0 = Release|Any CPU
		{A4C37232-E9F5-4EE1-9B50-C03A49C2243B}.Debug|Any CPU.ActiveCfg = Debug|Any CPU
		{A4C37232-E9F5-4EE1-9B50-C03A49C2243B}.Debug|Any CPU.Build.0 = Debug|Any CPU
		{A4C37232-E9F5-4EE1-9B50-C03A49C2243B}.Debug|Lib.ActiveCfg = Debug|Any CPU
		{A4C37232-E9F5-4EE1-9B50-C03A49C2243B}.Debug|Lib.Build.0 = Debug|Any CPU
		{A4C37232-E9F5-4EE1-9B50-C03A49C2243B}.Debug|Mixed Platforms.ActiveCfg = Debug|Any CPU
		{A4C37232-E9F5-4EE1-9B50-C03A49C2243B}.Debug|Mixed Platforms.Build.0 = Debug|Any CPU
		{A4C37232-E9F5-4EE1-9B50-C03A49C2243B}.Debug|Win32.ActiveCfg = Debug|Any CPU
		{A4C37232-E9F5-4EE1-9B50-C03A49C2243B}.Debug|Win32.Build.0 = Debug|Any CPU
		{A4C37232-E9F5-4EE1-9B50-C03A49C2243B}.Debug|x64.ActiveCfg = Debug|Any CPU
		{A4C37232-E9F5-4EE1-9B50-C03A49C2243B}.Debug|x64.Build.0 = Debug|Any CPU
		{A4C37232-E9F5-4EE1-9B50-C03A49C2243B}.Debug|x86.ActiveCfg = Debug|Any CPU
		{A4C37232-E9F5-4EE1-9B50-C03A49C2243B}.Debug|x86.Build.0 = Debug|Any CPU
		{A4C37232-E9F5-4EE1-9B50-C03A49C2243B}.Release|Any CPU.ActiveCfg = Release|Any CPU
		{A4C37232-E9F5-4EE1-9B50-C03A49C2243B}.Release|Any CPU.Build.0 = Release|Any CPU
		{A4C37232-E9F5-4EE1-9B50-C03A49C2243B}.Release|Lib.ActiveCfg = Release|Any CPU
		{A4C37232-E9F5-4EE1-9B50-C03A49C2243B}.Release|Lib.Build.0 = Release|Any CPU
		{A4C37232-E9F5-4EE1-9B50-C03A49C2243B}.Release|Mixed Platforms.ActiveCfg = Release|Any CPU
		{A4C37232-E9F5-4EE1-9B50-C03A49C2243B}.Release|Mixed Platforms.Build.0 = Release|Any CPU
		{A4C37232-E9F5-4EE1-9B50-C03A49C2243B}.Release|Win32.ActiveCfg = Release|Any CPU
		{A4C37232-E9F5-4EE1-9B50-C03A49C2243B}.Release|Win32.Build.0 = Release|Any CPU
		{A4C37232-E9F5-4EE1-9B50-C03A49C2243B}.Release|x64.ActiveCfg = Release|Any CPU
		{A4C37232-E9F5-4EE1-9B50-C03A49C2243B}.Release|x64.Build.0 = Release|Any CPU
		{A4C37232-E9F5-4EE1-9B50-C03A49C2243B}.Release|x86.ActiveCfg = Release|Any CPU
		{A4C37232-E9F5-4EE1-9B50-C03A49C2243B}.Release|x86.Build.0 = Release|Any CPU
		{47BE62D6-DA3D-4BD0-8ED0-DA0DF7925C42}.Debug|Any CPU.ActiveCfg = Debug|Any CPU
		{47BE62D6-DA3D-4BD0-8ED0-DA0DF7925C42}.Debug|Any CPU.Build.0 = Debug|Any CPU
		{47BE62D6-DA3D-4BD0-8ED0-DA0DF7925C42}.Debug|Lib.ActiveCfg = Debug|Any CPU
		{47BE62D6-DA3D-4BD0-8ED0-DA0DF7925C42}.Debug|Lib.Build.0 = Debug|Any CPU
		{47BE62D6-DA3D-4BD0-8ED0-DA0DF7925C42}.Debug|Mixed Platforms.ActiveCfg = Debug|Any CPU
		{47BE62D6-DA3D-4BD0-8ED0-DA0DF7925C42}.Debug|Mixed Platforms.Build.0 = Debug|Any CPU
		{47BE62D6-DA3D-4BD0-8ED0-DA0DF7925C42}.Debug|Win32.ActiveCfg = Debug|Any CPU
		{47BE62D6-DA3D-4BD0-8ED0-DA0DF7925C42}.Debug|Win32.Build.0 = Debug|Any CPU
		{47BE62D6-DA3D-4BD0-8ED0-DA0DF7925C42}.Debug|x64.ActiveCfg = Debug|Any CPU
		{47BE62D6-DA3D-4BD0-8ED0-DA0DF7925C42}.Debug|x64.Build.0 = Debug|Any CPU
		{47BE62D6-DA3D-4BD0-8ED0-DA0DF7925C42}.Debug|x86.ActiveCfg = Debug|Any CPU
		{47BE62D6-DA3D-4BD0-8ED0-DA0DF7925C42}.Debug|x86.Build.0 = Debug|Any CPU
		{47BE62D6-DA3D-4BD0-8ED0-DA0DF7925C42}.Release|Any CPU.ActiveCfg = Release|Any CPU
		{47BE62D6-DA3D-4BD0-8ED0-DA0DF7925C42}.Release|Any CPU.Build.0 = Release|Any CPU
		{47BE62D6-DA3D-4BD0-8ED0-DA0DF7925C42}.Release|Lib.ActiveCfg = Release|Any CPU
		{47BE62D6-DA3D-4BD0-8ED0-DA0DF7925C42}.Release|Lib.Build.0 = Release|Any CPU
		{47BE62D6-DA3D-4BD0-8ED0-DA0DF7925C42}.Release|Mixed Platforms.ActiveCfg = Release|Any CPU
		{47BE62D6-DA3D-4BD0-8ED0-DA0DF7925C42}.Release|Mixed Platforms.Build.0 = Release|Any CPU
		{47BE62D6-DA3D-4BD0-8ED0-DA0DF7925C42}.Release|Win32.ActiveCfg = Release|Any CPU
		{47BE62D6-DA3D-4BD0-8ED0-DA0DF7925C42}.Release|Win32.Build.0 = Release|Any CPU
		{47BE62D6-DA3D-4BD0-8ED0-DA0DF7925C42}.Release|x64.ActiveCfg = Release|Any CPU
		{47BE62D6-DA3D-4BD0-8ED0-DA0DF7925C42}.Release|x64.Build.0 = Release|Any CPU
		{47BE62D6-DA3D-4BD0-8ED0-DA0DF7925C42}.Release|x86.ActiveCfg = Release|Any CPU
		{47BE62D6-DA3D-4BD0-8ED0-DA0DF7925C42}.Release|x86.Build.0 = Release|Any CPU
	EndGlobalSection
	GlobalSection(SolutionProperties) = preSolution
		HideSolutionNode = FALSE
	EndGlobalSection
	GlobalSection(NestedProjects) = preSolution
		{5C8A7E17-CCE6-473C-9D9E-7A93208983D9} = {E689F604-F0DC-4B9A-87AD-84C34B05F421}
		{0FF0B2A0-E4E4-4ECC-A3F7-28026B63D069} = {ADEB1F37-D68C-48A2-9851-81B70DC38C61}
		{EF69F0FC-940D-40BE-849B-DF97F50D44F8} = {ADEB1F37-D68C-48A2-9851-81B70DC38C61}
	EndGlobalSection
EndGlobal
